
Microsoft Visual Studio Solution File, Format Version 12.00
# Visual Studio Version 18
VisualStudioVersion = 18.3.11520.95 d18.3
MinimumVisualStudioVersion = 10.0.40219.1
Project("{FAE04EC0-301F-11D3-BF4B-00C04F79EFBC}") = "OilSales.Web", "OilSales.Web.csproj", "{EDF07CAB-1902-9F98-6AFE-7F977DA18419}"
EndProject
Global
	GlobalSection(SolutionConfigurationPlatforms) = preSolution
		Debug|Any CPU = Debug|Any CPU
		Release|Any CPU = Release|Any CPU
	EndGlobalSection
	GlobalSection(ProjectConfigurationPlatforms) = postSolution
		{EDF07CAB-1902-9F98-6AFE-7F977DA18419}.Debug|Any CPU.ActiveCfg = Debug|Any CPU
		{EDF07CAB-1902-9F98-6AFE-7F977DA18419}.Debug|Any CPU.Build.0 = Debug|Any CPU
		{EDF07CAB-1902-9F98-6AFE-7F977DA18419}.Release|Any CPU.ActiveCfg = Release|Any CPU
		{EDF07CAB-1902-9F98-6AFE-7F977DA18419}.Release|Any CPU.Build.0 = Release|Any CPU
	EndGlobalSection
	GlobalSection(SolutionProperties) = preSolution
		HideSolutionNode = FALSE
	EndGlobalSection
	GlobalSection(ExtensibilityGlobals) = postSolution
		SolutionGuid = {ED57F847-2A49-4011-B212-9CFD1EA2C225}
	EndGlobalSection
EndGlobal
